
Microsoft Visual Studio Solution File, Format Version 12.00
# Visual Studio Version 17
VisualStudioVersion = 17.5.002.0
MinimumVisualStudioVersion = 10.0.40219.1
Project("{9A19103F-16F7-4668-BE54-9A1E7A4F7556}") = "ReadSocial", "ReadSocial.csproj", "{614BC0D4-2D47-4E66-B773-0D0CB103B286}"
EndProject
Global
	GlobalSection(SolutionConfigurationPlatforms) = preSolution
		Debug|Any CPU = Debug|Any CPU
		Release|Any CPU = Release|Any CPU
	EndGlobalSection
	GlobalSection(ProjectConfigurationPlatforms) = postSolution
		{614BC0D4-2D47-4E66-B773-0D0CB103B286}.Debug|Any CPU.ActiveCfg = Debug|Any CPU
		{614BC0D4-2D47-4E66-B773-0D0CB103B286}.Debug|Any CPU.Build.0 = Debug|Any CPU
		{614BC0D4-2D47-4E66-B773-0D0CB103B286}.Release|Any CPU.ActiveCfg = Release|Any CPU
		{614BC0D4-2D47-4E66-B773-0D0CB103B286}.Release|Any CPU.Build.0 = Release|Any CPU
	EndGlobalSection
	GlobalSection(SolutionProperties) = preSolution
		HideSolutionNode = FALSE
	EndGlobalSection
	GlobalSection(ExtensibilityGlobals) = postSolution
		SolutionGuid = {F078B0E3-DF4C-4022-97F1-DBE1B987C9CC}
	EndGlobalSection
EndGlobal
